
Microsoft Visual Studio Solution File, Format Version 12.00
# Visual Studio Version 16
VisualStudioVersion = 16.0.29409.12
MinimumVisualStudioVersion = 10.0.40219.1
Project("{FAE04EC0-301F-11D3-BF4B-00C04F79EFBC}") = "SingleSignOnTemplate", "SingleSignOnTemplate\SingleSignOnTemplate.csproj", "{E5FDBAD4-19B9-4401-95E5-33A679156C4B}"
EndProject
Global
	GlobalSection(SolutionConfigurationPlatforms) = preSolution
		Debug|Any CPU = Debug|Any CPU
		Release|Any CPU = Release|Any CPU
	EndGlobalSection
	GlobalSection(ProjectConfigurationPlatforms) = postSolution
		{E5FDBAD4-19B9-4401-95E5-33A679156C4B}.Debug|Any CPU.ActiveCfg = Debug|Any CPU
		{E5FDBAD4-19B9-4401-95E5-33A679156C4B}.Debug|Any CPU.Build.0 = Debug|Any CPU
		{E5FDBAD4-19B9-4401-95E5-33A679156C4B}.Release|Any CPU.ActiveCfg = Release|Any CPU
		{E5FDBAD4-19B9-4401-95E5-33A679156C4B}.Release|Any CPU.Build.0 = Release|Any CPU
	EndGlobalSection
	GlobalSection(SolutionProperties) = preSolution
		HideSolutionNode = FALSE
	EndGlobalSection
	GlobalSection(ExtensibilityGlobals) = postSolution
		SolutionGuid = {369255DC-854E-447A-A020-3B0B8A58B830}
	EndGlobalSection
EndGlobal
